
Microsoft Visual Studio Solution File, Format Version 12.00
# Visual Studio Version 16
VisualStudioVersion = 16.0.31410.357
MinimumVisualStudioVersion = 10.0.40219.1
Project("{FAE04EC0-301F-11D3-BF4B-00C04F79EFBC}") = "KumattaApp-Server", "KumattaApp-Server.csproj", "{CC5775FD-9D99-4FD0-9A14-6FDA95B4BAAA}"
EndProject
Project("{FAE04EC0-301F-11D3-BF4B-00C04F79EFBC}") = "KumattaApp-Shared", "..\KumattaApp-Shared\KumattaApp-Shared.csproj", "{F235820E-5046-47A3-830E-19D19237C75C}"
EndProject
Global
	GlobalSection(SolutionConfigurationPlatforms) = preSolution
		Debug|Any CPU = Debug|Any CPU
		Release|Any CPU = Release|Any CPU
	EndGlobalSection
	GlobalSection(ProjectConfigurationPlatforms) = postSolution
		{CC5775FD-9D99-4FD0-9A14-6FDA95B4BAAA}.Debug|Any CPU.ActiveCfg = Debug|Any CPU
		{CC5775FD-9D99-4FD0-9A14-6FDA95B4BAAA}.Debug|Any CPU.Build.0 = Debug|Any CPU
		{CC5775FD-9D99-4FD0-9A14-6FDA95B4BAAA}.Release|Any CPU.ActiveCfg = Release|Any CPU
		{CC5775FD-9D99-4FD0-9A14-6FDA95B4BAAA}.Release|Any CPU.Build.0 = Release|Any CPU
		{F235820E-5046-47A3-830E-19D19237C75C}.Debug|Any CPU.ActiveCfg = Debug|Any CPU
		{F235820E-5046-47A3-830E-19D19237C75C}.Debug|Any CPU.Build.0 = Debug|Any CPU
		{F235820E-5046-47A3-830E-19D19237C75C}.Release|Any CPU.ActiveCfg = Release|Any CPU
		{F235820E-5046-47A3-830E-19D19237C75C}.Release|Any CPU.Build.0 = Release|Any CPU
	EndGlobalSection
	GlobalSection(SolutionProperties) = preSolution
		HideSolutionNode = FALSE
	EndGlobalSection
	GlobalSection(ExtensibilityGlobals) = postSolution
		SolutionGuid = {6E295E77-0928-466F-B231-36B184B6582E}
	EndGlobalSection
EndGlobal
